{
    "requires": true,
    "lockfileVersion": 1,
    "dependencies": {
        "avenuejs": {
            "version": "5.5.0",
            "resolved": "https://registry.npmjs.org/avenuejs/-/avenuejs-5.5.0.tgz",
            "integrity": "sha512-3UPU/R1byHxTJQoTo3K8vOh3uOS3ZoiK09ytZC3RfztWOrp43OcWwLs3saGFYijxRiXJRGbtkTaXjlk5c0loGw==",
            "requires": {
                "lightdash": "3.4.2"
            }
        },
        "axonjs": {
            "version": "2.1.2",
            "resolved": "https://registry.npmjs.org/axonjs/-/axonjs-2.1.2.tgz",
            "integrity": "sha512-PhipZK/XM/hAz3w5VywCdReh7JKPPpk17E2T6k/M4h5Cp2pZgkbtY2kPWV+n+Swtx/PaeA1fD+E0kpwRGTnHCg==",
            "requires": {
                "lightdash": "3.4.2",
                "pseudo-eval": "7.1.0"
            }
        },
        "lightdash": {
            "version": "3.4.2",
            "resolved": "https://registry.npmjs.org/lightdash/-/lightdash-3.4.2.tgz",
            "integrity": "sha512-RJ2SNcvwrhbid4/fTPPye9SeqwsbbLQxTyqZOXNX1S/zEH/jIzcfm30exXKMLwyEyuoTOdvdnLPfhxCu3MxU1A=="
        },
        "pseudo-eval": {
            "version": "7.1.0",
            "resolved": "https://registry.npmjs.org/pseudo-eval/-/pseudo-eval-7.1.0.tgz",
            "integrity": "sha512-RTAEh7NsOEDivd6KtI5UCKxfKEBcbWO+XqTE6vQhQsnpRY1b26flKhsk2+bUY9bm1i18J/6yKn0tY6cOoQmhPQ==",
            "requires": {
                "lightdash": "3.4.2"
            }
        },
        "todomvc-app-css": {
            "version": "2.1.0",
            "resolved": "https://registry.npmjs.org/todomvc-app-css/-/todomvc-app-css-2.1.0.tgz",
            "integrity": "sha1-tvJxbTOa+i5feZNH0qSLBTliQqU="
        },
        "todomvc-common": {
            "version": "1.0.4",
            "resolved": "https://registry.npmjs.org/todomvc-common/-/todomvc-common-1.0.4.tgz",
            "integrity": "sha512-AA0Z4exovEqubhbZCrzzn9roVT4zvOncS319p2zIc4CsNe5B9TLL7Sei1NIV6d+WrgR5rOi+y0I9Y6GE7xgNOw=="
        }
    }
}
